hash: 31064335400dab29b2ff42b2133f3bcdfceeadff9e981f2661a106a3e35a312e
updated: 2016-04-30T09:05:26.10329381-07:00
imports:
- name: github.com/aws/aws-sdk-go
  version: 966f1a968ba8e260628dfa6be07bcd48d8e98ef6
  subpackages:
  - aws
  - aws/awserr
  - aws/credentials
  - aws/session
  - service/s3
  - service/s3/s3manager
  - service/ec2
  - aws/client
  - aws/corehandlers
  - aws/defaults
  - aws/request
  - private/endpoints
  - aws/awsutil
  - aws/client/metadata
  - private/protocol
  - private/protocol/restxml
  - private/signer/v4
  - private/waiter
  - service/s3/s3iface
  - private/protocol/ec2query
  - aws/credentials/ec2rolecreds
  - aws/ec2metadata
  - private/protocol/query
  - private/protocol/rest
  - private/protocol/xml/xmlutil
  - private/protocol/query/queryutil
- name: github.com/go-ini/ini
  version: 12f418cc7edc5a618a51407b7ac1f1f512139df3
- name: github.com/jmespath/go-jmespath
  version: 0b12d6b521d83fc7f755e7cfc1b1fbdd35a01a74
- name: github.com/onsi/gomega
  version: 7ce781ea776b2fd506491011353bded2e40c8467
  subpackages:
  - internal/assertion
  - internal/asyncassertion
  - internal/testingtsupport
  - matchers
  - types
  - internal/oraclematcher
  - format
  - matchers/support/goraph/bipartitegraph
  - matchers/support/goraph/edge
  - matchers/support/goraph/node
  - matchers/support/goraph/util
- name: github.com/Pallinder/go-randomdata
  version: 4134a721d6473f81816b1799866bf3e553a9b8d4
- name: gopkg.in/yaml.v2
  version: a83829b6f1293c91addabc89d0571c246397bbf4
devImports: []
