{
  "version": 4,
  "terraform_version": "0.12.21",
  "serial": 1,
  "lineage": "3bc0d8be-a9f5-d6c5-4c52-c4ec9c8c50bf",
  "outputs": {},
  "resources": [
    {
      "mode": "managed",
      "type": "tls_private_key",
      "name": "example",
      "provider": "provider.custom",
      "instances": [
        {
          "schema_version": 0,
          "attributes": {
            "algorithm": "ECDSA",
            "ecdsa_curve": "P384",
            "id": "cf081e9c211e1473b85377f34d7f139649e05bd2",
            "private_key_pem": "-----BEGIN EC PRIVATE KEY-----\nMIGkAgEBBDA7e1zXpHmaUvkYlAQ3CXH/T/Lobmr/ZGhVbIboaxf+KlhDhlIw9+l6\nAfelp7RQ80CgBwYFK4EEACKhZANiAARWSdMB/53wzPTFZ7NVOVGq3gdDwlbn7kog\n/j3qYwNR4iFO9PUFIZi9w+yWAPWZ064yKSIe8nZXVrzqZGq+qPMJ5qWbZxgqrwZQ\nDrL+MEnjRArJ6hyurLkc00gMTOgelCY=\n-----END EC PRIVATE KEY-----\n",
            "public_key_fingerprint_md5": "98:a3:c4:f6:b8:36:e8:6d:39:62:57:b1:00:b6:38:1a",
            "public_key_openssh": "ecdsa-sha2-nistp384 AAAAE2VjZHNhLXNoYTItbmlzdHAzODQAAAAIbmlzdHAzODQAAABhBFZJ0wH/nfDM9MVns1U5UareB0PCVufuSiD+PepjA1HiIU709QUhmL3D7JYA9ZnTrjIpIh7ydldWvOpkar6o8wnmpZtnGCqvBlAOsv4wSeNECsnqHK6suRzTSAxM6B6UJg==\n",
            "public_key_pem": "-----BEGIN PUBLIC KEY-----\nMHYwEAYHKoZIzj0CAQYFK4EEACIDYgAEVknTAf+d8Mz0xWezVTlRqt4HQ8JW5+5K\nIP496mMDUeIhTvT1BSGYvcPslgD1mdOuMikiHvJ2V1a86mRqvqjzCealm2cYKq8G\nUA6y/jBJ40QKyeocrqy5HNNIDEzoHpQm\n-----END PUBLIC KEY-----\n",
            "rsa_bits": 2048
          },
          "private": "bnVsbA=="
        }
      ]
    }
  ]
}
